{
  "lockfile_version": "1",
  "packages": {
    "air@1.52.3": {
      "last_modified": "2024-07-31T08:48:38Z",
      "resolved": "github:NixOS/nixpkgs/c3392ad349a5227f4a3464dce87bcc5046692fce#air",
      "source": "devbox-search",
      "version": "1.52.3",
      "systems": {
        "aarch64-darwin": {
          "outputs": [
            {
              "name": "out",
              "path": "/nix/store/h5mp9f53jsz9l7fpd9x4swvyy58m0ac2-air-1.52.3",
              "default": true
            }
          ],
          "store_path": "/nix/store/h5mp9f53jsz9l7fpd9x4swvyy58m0ac2-air-1.52.3"
        },
        "aarch64-linux": {
          "outputs": [
            {
              "name": "out",
              "path": "/nix/store/8f6n03c8wkv1q7l6mxvvzb2kzmrcssax-air-1.52.3",
              "default": true
            }
          ],
          "store_path": "/nix/store/8f6n03c8wkv1q7l6mxvvzb2kzmrcssax-air-1.52.3"
        },
        "x86_64-darwin": {
          "outputs": [
            {
              "name": "out",
              "path": "/nix/store/aknxdh36zn4yszb0bc4m0ff458wg8v26-air-1.52.3",
              "default": true
            }
          ],
          "store_path": "/nix/store/aknxdh36zn4yszb0bc4m0ff458wg8v26-air-1.52.3"
        },
        "x86_64-linux": {
          "outputs": [
            {
              "name": "out",
              "path": "/nix/store/gg2wvcjh531px0iccnql3grb35ab0801-air-1.52.3",
              "default": true
            }
          ],
          "store_path": "/nix/store/gg2wvcjh531px0iccnql3grb35ab0801-air-1.52.3"
        }
      }
    },
    "go-task@3.38.0": {
      "last_modified": "2024-07-31T08:48:38Z",
      "resolved": "github:NixOS/nixpkgs/c3392ad349a5227f4a3464dce87bcc5046692fce#go-task",
      "source": "devbox-search",
      "version": "3.38.0",
      "systems": {
        "aarch64-darwin": {
          "outputs": [
            {
              "name": "out",
              "path": "/nix/store/04zb4vsv8dch5awmpx6cr11w56n0vhcv-go-task-3.38.0",
              "default": true
            }
          ],
          "store_path": "/nix/store/04zb4vsv8dch5awmpx6cr11w56n0vhcv-go-task-3.38.0"
        },
        "aarch64-linux": {
          "outputs": [
            {
              "name": "out",
              "path": "/nix/store/1m5v1zmjg2i12rmld8c1pv7y4yxw6zc1-go-task-3.38.0",
              "default": true
            }
          ],
          "store_path": "/nix/store/1m5v1zmjg2i12rmld8c1pv7y4yxw6zc1-go-task-3.38.0"
        },
        "x86_64-darwin": {
          "outputs": [
            {
              "name": "out",
              "path": "/nix/store/fb75j8ab44rsh91lr99x19vv0hl09bbh-go-task-3.38.0",
              "default": true
            }
          ],
          "store_path": "/nix/store/fb75j8ab44rsh91lr99x19vv0hl09bbh-go-task-3.38.0"
        },
        "x86_64-linux": {
          "outputs": [
            {
              "name": "out",
              "path": "/nix/store/28jyv8mvh3rk6h4glkd87a87ivrha9bi-go-task-3.38.0",
              "default": true
            }
          ],
          "store_path": "/nix/store/28jyv8mvh3rk6h4glkd87a87ivrha9bi-go-task-3.38.0"
        }
      }
    },
    "go@1.22.5": {
      "last_modified": "2024-07-31T08:48:38Z",
      "resolved": "github:NixOS/nixpkgs/c3392ad349a5227f4a3464dce87bcc5046692fce#go",
      "source": "devbox-search",
      "version": "1.22.5",
      "systems": {
        "aarch64-darwin": {
          "outputs": [
            {
              "name": "out",
              "path": "/nix/store/wkzcrvihdh5fp8h01b699k71gy28zf4l-go-1.22.5",
              "default": true
            }
          ],
          "store_path": "/nix/store/wkzcrvihdh5fp8h01b699k71gy28zf4l-go-1.22.5"
        },
        "aarch64-linux": {
          "outputs": [
            {
              "name": "out",
              "path": "/nix/store/rhcaz092rn71knyhq760qy5sjsy52d22-go-1.22.5",
              "default": true
            }
          ],
          "store_path": "/nix/store/rhcaz092rn71knyhq760qy5sjsy52d22-go-1.22.5"
        },
        "x86_64-darwin": {
          "outputs": [
            {
              "name": "out",
              "path": "/nix/store/1m98wp6pzhn4zx7aj8010rh549sh1qql-go-1.22.5",
              "default": true
            }
          ],
          "store_path": "/nix/store/1m98wp6pzhn4zx7aj8010rh549sh1qql-go-1.22.5"
        },
        "x86_64-linux": {
          "outputs": [
            {
              "name": "out",
              "path": "/nix/store/kqf4gwhq1yrchvmvqjh4adc4y9hxp9xk-go-1.22.5",
              "default": true
            }
          ],
          "store_path": "/nix/store/kqf4gwhq1yrchvmvqjh4adc4y9hxp9xk-go-1.22.5"
        }
      }
    },
    "goose@3.21.1": {
      "last_modified": "2024-07-31T08:48:38Z",
      "resolved": "github:NixOS/nixpkgs/c3392ad349a5227f4a3464dce87bcc5046692fce#goose",
      "source": "devbox-search",
      "version": "3.21.1",
      "systems": {
        "aarch64-darwin": {
          "outputs": [
            {
              "name": "out",
              "path": "/nix/store/zajx1yd2y8aljznws9g2vaxbgair8lh2-goose-3.21.1",
              "default": true
            }
          ],
          "store_path": "/nix/store/zajx1yd2y8aljznws9g2vaxbgair8lh2-goose-3.21.1"
        },
        "aarch64-linux": {
          "outputs": [
            {
              "name": "out",
              "path": "/nix/store/70v3xb60m3qj55il2way7dm39qjmb8wl-goose-3.21.1",
              "default": true
            }
          ],
          "store_path": "/nix/store/70v3xb60m3qj55il2way7dm39qjmb8wl-goose-3.21.1"
        },
        "x86_64-darwin": {
          "outputs": [
            {
              "name": "out",
              "path": "/nix/store/xwbfm7ypihh6rgq5z9zrxg58kwxwf95f-goose-3.21.1",
              "default": true
            }
          ],
          "store_path": "/nix/store/xwbfm7ypihh6rgq5z9zrxg58kwxwf95f-goose-3.21.1"
        },
        "x86_64-linux": {
          "outputs": [
            {
              "name": "out",
              "path": "/nix/store/g4ixx2k6pyi54ww7lqzqsc6yh1lanzr2-goose-3.21.1",
              "default": true
            }
          ],
          "store_path": "/nix/store/g4ixx2k6pyi54ww7lqzqsc6yh1lanzr2-goose-3.21.1"
        }
      }
    },
    "postgresql@latest": {
      "last_modified": "2024-08-20T18:17:24Z",
      "plugin_version": "0.0.2",
      "resolved": "github:NixOS/nixpkgs/d13fa5a45a34e7c8be33474f58003914430bdc5a#postgresql",
      "source": "devbox-search",
      "version": "16.4",
      "systems": {
        "aarch64-darwin": {
          "outputs": [
            {
              "name": "out",
              "path": "/nix/store/i0asdxabgdls1xnjgd1a5y1fv27nfmfw-postgresql-16.4",
              "default": true
            },
            {
              "name": "man",
              "path": "/nix/store/mx2n38fqz3y7bbw9i2vccgr1nr53nlhy-postgresql-16.4-man",
              "default": true
            },
            {
              "name": "doc",
              "path": "/nix/store/8s96kqcqdjxczgqlwjsp5sd293pgfc1m-postgresql-16.4-doc"
            },
            {
              "name": "lib",
              "path": "/nix/store/jvc35r9p6y5pv8i7skbmbi120s7jq6ay-postgresql-16.4-lib"
            }
          ],
          "store_path": "/nix/store/i0asdxabgdls1xnjgd1a5y1fv27nfmfw-postgresql-16.4"
        },
        "aarch64-linux": {
          "outputs": [
            {
              "name": "out",
              "path": "/nix/store/d1ks0fmlm3jx4zb3zs8ghp973v28p2hi-postgresql-16.4",
              "default": true
            },
            {
              "name": "man",
              "path": "/nix/store/kvf1yxvm3zsbykm022zhk5xjdsady9c1-postgresql-16.4-man",
              "default": true
            },
            {
              "name": "debug",
              "path": "/nix/store/mxf4lgspi1c2ag5z3nmr2sd8q6pmssjb-postgresql-16.4-debug"
            },
            {
              "name": "doc",
              "path": "/nix/store/f1vyyv54ai0hq553ncm8ahaz5i948ign-postgresql-16.4-doc"
            },
            {
              "name": "lib",
              "path": "/nix/store/wbypzrzg1z9yl6cw6n4c2703z9m3dyzl-postgresql-16.4-lib"
            }
          ],
          "store_path": "/nix/store/d1ks0fmlm3jx4zb3zs8ghp973v28p2hi-postgresql-16.4"
        },
        "x86_64-darwin": {
          "outputs": [
            {
              "name": "out",
              "path": "/nix/store/fpwv4ygz88bdk9xa3zw9almda756p9x8-postgresql-16.4",
              "default": true
            },
            {
              "name": "man",
              "path": "/nix/store/yn0kvg33b2c6bkparh2vb74m2fdpszzs-postgresql-16.4-man",
              "default": true
            },
            {
              "name": "doc",
              "path": "/nix/store/66sbl8q8gl2v6gjck736pg9ay8h68apy-postgresql-16.4-doc"
            },
            {
              "name": "lib",
              "path": "/nix/store/qlp9p58ph8i1pjn6cnz0mycq64kid88a-postgresql-16.4-lib"
            }
          ],
          "store_path": "/nix/store/fpwv4ygz88bdk9xa3zw9almda756p9x8-postgresql-16.4"
        },
        "x86_64-linux": {
          "outputs": [
            {
              "name": "out",
              "path": "/nix/store/48abcjx52nbp8myygxgwqb4gh4xsg5fa-postgresql-16.4",
              "default": true
            },
            {
              "name": "man",
              "path": "/nix/store/nskmfhwxkzpn0cb1b69ap46jp9qcdg5p-postgresql-16.4-man",
              "default": true
            },
            {
              "name": "doc",
              "path": "/nix/store/vxrd7vs1v3mv70004mrs3070fjl58vrr-postgresql-16.4-doc"
            },
            {
              "name": "lib",
              "path": "/nix/store/37l0ff1bqzppalq55g7a5af0fcvg47wy-postgresql-16.4-lib"
            },
            {
              "name": "debug",
              "path": "/nix/store/mwdr7qpyf1ggllcs0f1qgywj3rab14v4-postgresql-16.4-debug"
            }
          ],
          "store_path": "/nix/store/48abcjx52nbp8myygxgwqb4gh4xsg5fa-postgresql-16.4"
        }
      }
    }
  }
}
